// !$*UTF8*$!
{
	archiveVersion = 1;
	classes = {
	};
	objectVersion = 50;
	objects = {

/* Begin PBXBuildFile section */
		88023679251610CA0079FA1B /* AvatarImageView.swift in Sources */ = {isa = PBXBuildFile; fileRef = 88023678251610CA0079FA1B /* AvatarImageView.swift */; };
		8802367B2516489C0079FA1B /* ProfileVC + UIImagePickerController.swift in Sources */ = {isa = PBXBuildFile; fileRef = 8802367A2516489C0079FA1B /* ProfileVC + UIImagePickerController.swift */; };
		8802367E251648E50079FA1B /* UIAlertController + constraints.swift in Sources */ = {isa = PBXBuildFile; fileRef = 8802367D251648E50079FA1B /* UIAlertController + constraints.swift */; };
		8802368625165BEA0079FA1B /* ProfileViewController.storyboard in Resources */ = {isa = PBXBuildFile; fileRef = 8802368525165BEA0079FA1B /* ProfileViewController.storyboard */; };
		8809DADE250B486500E4365A /* AppDelegate.swift in Sources */ = {isa = PBXBuildFile; fileRef = 8809DADD250B486500E4365A /* AppDelegate.swift */; };
		8809DAE2250B486500E4365A /* ProfileViewController.swift in Sources */ = {isa = PBXBuildFile; fileRef = 8809DAE1250B486500E4365A /* ProfileViewController.swift */; };
		8809DAE7250B486900E4365A /* Assets.xcassets in Resources */ = {isa = PBXBuildFile; fileRef = 8809DAE6250B486900E4365A /* Assets.xcassets */; };
		8809DAEA250B486900E4365A /* LaunchScreen.storyboard in Resources */ = {isa = PBXBuildFile; fileRef = 8809DAE8250B486900E4365A /* LaunchScreen.storyboard */; };
/* End PBXBuildFile section */

/* Begin PBXFileReference section */
		88023678251610CA0079FA1B /* AvatarImageView.swift */ = {isa = PBXFileReference; lastKnownFileType = sourcecode.swift; path = AvatarImageView.swift; sourceTree = "<group>"; };
		8802367A2516489C0079FA1B /* ProfileVC + UIImagePickerController.swift */ = {isa = PBXFileReference; lastKnownFileType = sourcecode.swift; path = "ProfileVC + UIImagePickerController.swift"; sourceTree = "<group>"; };
		8802367D251648E50079FA1B /* UIAlertController + constraints.swift */ = {isa = PBXFileReference; lastKnownFileType = sourcecode.swift; path = "UIAlertController + constraints.swift"; sourceTree = "<group>"; };
		8802368525165BEA0079FA1B /* ProfileViewController.storyboard */ = {isa = PBXFileReference; lastKnownFileType = file.storyboard; path = ProfileViewController.storyboard; sourceTree = "<group>"; };
		8809DADA250B486500E4365A /* Tink-tink app.app */ = {isa = PBXFileReference; explicitFileType = wrapper.application; includeInIndex = 0; path = "Tink-tink app.app"; sourceTree = BUILT_PRODUCTS_DIR; };
		8809DADD250B486500E4365A /* AppDelegate.swift */ = {isa = PBXFileReference; lastKnownFileType = sourcecode.swift; path = AppDelegate.swift; sourceTree = "<group>"; };
		8809DAE1250B486500E4365A /* ProfileViewController.swift */ = {isa = PBXFileReference; lastKnownFileType = sourcecode.swift; path = ProfileViewController.swift; sourceTree = "<group>"; };
		8809DAE6250B486900E4365A /* Assets.xcassets */ = {isa = PBXFileReference; lastKnownFileType = folder.assetcatalog; path = Assets.xcassets; sourceTree = "<group>"; };
		8809DAE9250B486900E4365A /* Base */ = {isa = PBXFileReference; lastKnownFileType = file.storyboard; name = Base; path = Base.lproj/LaunchScreen.storyboard; sourceTree = "<group>"; };
		8809DAEB250B486900E4365A /* Info.plist */ = {isa = PBXFileReference; lastKnownFileType = text.plist.xml; path = Info.plist; sourceTree = "<group>"; };
/* End PBXFileReference section */

/* Begin PBXFrameworksBuildPhase section */
		8809DAD7250B486500E4365A /* Frameworks */ = {
			isa = PBXFrameworksBuildPhase;
			buildActionMask = 2147483647;
			files = (
			);
			runOnlyForDeploymentPostprocessing = 0;
		};
/* End PBXFrameworksBuildPhase section */

/* Begin PBXGroup section */
		8802367C251648A20079FA1B /* Extensions */ = {
			isa = PBXGroup;
			children = (
				8802367A2516489C0079FA1B /* ProfileVC + UIImagePickerController.swift */,
				8802367D251648E50079FA1B /* UIAlertController + constraints.swift */,
			);
			path = Extensions;
			sourceTree = "<group>";
		};
		8802368325165B400079FA1B /* Application */ = {
			isa = PBXGroup;
			children = (
				8809DADD250B486500E4365A /* AppDelegate.swift */,
			);
			path = Application;
			sourceTree = "<group>";
		};
		8802368425165B6A0079FA1B /* Profile */ = {
			isa = PBXGroup;
			children = (
				8809DAE1250B486500E4365A /* ProfileViewController.swift */,
				8802368525165BEA0079FA1B /* ProfileViewController.storyboard */,
				88023678251610CA0079FA1B /* AvatarImageView.swift */,
			);
			path = Profile;
			sourceTree = "<group>";
		};
		8809DAD1250B486500E4365A = {
			isa = PBXGroup;
			children = (
				8809DADC250B486500E4365A /* Tink-tink app */,
				8809DADB250B486500E4365A /* Products */,
			);
			sourceTree = "<group>";
		};
		8809DADB250B486500E4365A /* Products */ = {
			isa = PBXGroup;
			children = (
				8809DADA250B486500E4365A /* Tink-tink app.app */,
			);
			name = Products;
			sourceTree = "<group>";
		};
		8809DADC250B486500E4365A /* Tink-tink app */ = {
			isa = PBXGroup;
			children = (
				8802368325165B400079FA1B /* Application */,
				8802368425165B6A0079FA1B /* Profile */,
				8802367C251648A20079FA1B /* Extensions */,
				8809DAE6250B486900E4365A /* Assets.xcassets */,
				8809DAE8250B486900E4365A /* LaunchScreen.storyboard */,
				8809DAEB250B486900E4365A /* Info.plist */,
			);
			path = "Tink-tink app";
			sourceTree = "<group>";
		};
/* End PBXGroup section */

/* Begin PBXNativeTarget section */
		8809DAD9250B486500E4365A /* Tink-tink app */ = {
			isa = PBXNativeTarget;
			buildConfigurationList = 8809DAEE250B486900E4365A /* Build configuration list for PBXNativeTarget "Tink-tink app" */;
			buildPhases = (
				8809DAD6250B486500E4365A /* Sources */,
				8809DAD7250B486500E4365A /* Frameworks */,
				8809DAD8250B486500E4365A /* Resources */,
			);
			buildRules = (
			);
			dependencies = (
			);
			name = "Tink-tink app";
			productName = "Tink-tink app";
			productReference = 8809DADA250B486500E4365A /* Tink-tink app.app */;
			productType = "com.apple.product-type.application";
		};
/* End PBXNativeTarget section */

/* Begin PBXProject section */
		8809DAD2250B486500E4365A /* Project object */ = {
			isa = PBXProject;
			attributes = {
				LastSwiftUpdateCheck = 1170;
				LastUpgradeCheck = 1170;
				ORGANIZATIONNAME = lagarnas;
				TargetAttributes = {
					8809DAD9250B486500E4365A = {
						CreatedOnToolsVersion = 11.7;
					};
				};
			};
			buildConfigurationList = 8809DAD5250B486500E4365A /* Build configuration list for PBXProject "Tink-tink app" */;
			compatibilityVersion = "Xcode 9.3";
			developmentRegion = en;
			hasScannedForEncodings = 0;
			knownRegions = (
				en,
				Base,
			);
			mainGroup = 8809DAD1250B486500E4365A;
			productRefGroup = 8809DADB250B486500E4365A /* Products */;
			projectDirPath = "";
			projectRoot = "";
			targets = (
				8809DAD9250B486500E4365A /* Tink-tink app */,
			);
		};
/* End PBXProject section */

/* Begin PBXResourcesBuildPhase section */
		8809DAD8250B486500E4365A /* Resources */ = {
			isa = PBXResourcesBuildPhase;
			buildActionMask = 2147483647;
			files = (
				8809DAEA250B486900E4365A /* LaunchScreen.storyboard in Resources */,
				8809DAE7250B486900E4365A /* Assets.xcassets in Resources */,
				8802368625165BEA0079FA1B /* ProfileViewController.storyboard in Resources */,
			);
			runOnlyForDeploymentPostprocessing = 0;
		};
/* End PBXResourcesBuildPhase section */

/* Begin PBXSourcesBuildPhase section */
		8809DAD6250B486500E4365A /* Sources */ = {
			isa = PBXSourcesBuildPhase;
			buildActionMask = 2147483647;
			files = (
				8802367B2516489C0079FA1B /* ProfileVC + UIImagePickerController.swift in Sources */,
				88023679251610CA0079FA1B /* AvatarImageView.swift in Sources */,
				8809DAE2250B486500E4365A /* ProfileViewController.swift in Sources */,
				8809DADE250B486500E4365A /* AppDelegate.swift in Sources */,
				8802367E251648E50079FA1B /* UIAlertController + constraints.swift in Sources */,
			);
			runOnlyForDeploymentPostprocessing = 0;
		};
/* End PBXSourcesBuildPhase section */

/* Begin PBXVariantGroup section */
		8809DAE8250B486900E4365A /* LaunchScreen.storyboard */ = {
			isa = PBXVariantGroup;
			children = (
				8809DAE9250B486900E4365A /* Base */,
			);
			name = LaunchScreen.storyboard;
			sourceTree = "<group>";
		};
/* End PBXVariantGroup section */

/* Begin XCBuildConfiguration section */
		8809DAEC250B486900E4365A /* Debug */ = {
			isa = XCBuildConfiguration;
			buildSettings = {
				ALWAYS_SEARCH_USER_PATHS = NO;
				CLANG_ANALYZER_NONNULL = YES;
				CLANG_ANALYZER_NUMBER_OBJECT_CONVERSION = YES_AGGRESSIVE;
				CLANG_CXX_LANGUAGE_STANDARD = "gnu++14";
				CLANG_CXX_LIBRARY = "libc++";
				CLANG_ENABLE_MODULES = YES;
				CLANG_ENABLE_OBJC_ARC = YES;
				CLANG_ENABLE_OBJC_WEAK = YES;
				CLANG_WARN_BLOCK_CAPTURE_AUTORELEASING = YES;
				CLANG_WARN_BOOL_CONVERSION = YES;
				CLANG_WARN_COMMA = YES;
				CLANG_WARN_CONSTANT_CONVERSION = YES;
				CLANG_WARN_DEPRECATED_OBJC_IMPLEMENTATIONS = YES;
				CLANG_WARN_DIRECT_OBJC_ISA_USAGE = YES_ERROR;
				CLANG_WARN_DOCUMENTATION_COMMENTS = YES;
				CLANG_WARN_EMPTY_BODY = YES;
				CLANG_WARN_ENUM_CONVERSION = YES;
				CLANG_WARN_INFINITE_RECURSION = YES;
				CLANG_WARN_INT_CONVERSION = YES;
				CLANG_WARN_NON_LITERAL_NULL_CONVERSION = YES;
				CLANG_WARN_OBJC_IMPLICIT_RETAIN_SELF = YES;
				CLANG_WARN_OBJC_LITERAL_CONVERSION = YES;
				CLANG_WARN_OBJC_ROOT_CLASS = YES_ERROR;
				CLANG_WARN_RANGE_LOOP_ANALYSIS = YES;
				CLANG_WARN_STRICT_PROTOTYPES = YES;
				CLANG_WARN_SUSPICIOUS_MOVE = YES;
				CLANG_WARN_UNGUARDED_AVAILABILITY = YES_AGGRESSIVE;
				CLANG_WARN_UNREACHABLE_CODE = YES;
				CLANG_WARN__DUPLICATE_METHOD_MATCH = YES;
				COPY_PHASE_STRIP = NO;
				DEBUG_INFORMATION_FORMAT = dwarf;
				ENABLE_STRICT_OBJC_MSGSEND = YES;
				ENABLE_TESTABILITY = YES;
				GCC_C_LANGUAGE_STANDARD = gnu11;
				GCC_DYNAMIC_NO_PIC = NO;
				GCC_NO_COMMON_BLOCKS = YES;
				GCC_OPTIMIZATION_LEVEL = 0;
				GCC_PREPROCESSOR_DEFINITIONS = (
					"DEBUG=1",
					"$(inherited)",
				);
				GCC_WARN_64_TO_32_BIT_CONVERSION = YES;
				GCC_WARN_ABOUT_RETURN_TYPE = YES_ERROR;
				GCC_WARN_UNDECLARED_SELECTOR = YES;
				GCC_WARN_UNINITIALIZED_AUTOS = YES_AGGRESSIVE;
				GCC_WARN_UNUSED_FUNCTION = YES;
				GCC_WARN_UNUSED_VARIABLE = YES;
				IPHONEOS_DEPLOYMENT_TARGET = 13.7;
				MTL_ENABLE_DEBUG_INFO = INCLUDE_SOURCE;
				MTL_FAST_MATH = YES;
				ONLY_ACTIVE_ARCH = YES;
				SDKROOT = iphoneos;
				SWIFT_ACTIVE_COMPILATION_CONDITIONS = DEBUG;
				SWIFT_OPTIMIZATION_LEVEL = "-Onone";
			};
			name = Debug;
		};
		8809DAED250B486900E4365A /* Release */ = {
			isa = XCBuildConfiguration;
			buildSettings = {
				ALWAYS_SEARCH_USER_PATHS = NO;
				CLANG_ANALYZER_NONNULL = YES;
				CLANG_ANALYZER_NUMBER_OBJECT_CONVERSION = YES_AGGRESSIVE;
				CLANG_CXX_LANGUAGE_STANDARD = "gnu++14";
				CLANG_CXX_LIBRARY = "libc++";
				CLANG_ENABLE_MODULES = YES;
				CLANG_ENABLE_OBJC_ARC = YES;
				CLANG_ENABLE_OBJC_WEAK = YES;
				CLANG_WARN_BLOCK_CAPTURE_AUTORELEASING = YES;
				CLANG_WARN_BOOL_CONVERSION = YES;
				CLANG_WARN_COMMA = YES;
				CLANG_WARN_CONSTANT_CONVERSION = YES;
				CLANG_WARN_DEPRECATED_OBJC_IMPLEMENTATIONS = YES;
				CLANG_WARN_DIRECT_OBJC_ISA_USAGE = YES_ERROR;
				CLANG_WARN_DOCUMENTATION_COMMENTS = YES;
				CLANG_WARN_EMPTY_BODY = YES;
				CLANG_WARN_ENUM_CONVERSION = YES;
				CLANG_WARN_INFINITE_RECURSION = YES;
				CLANG_WARN_INT_CONVERSION = YES;
				CLANG_WARN_NON_LITERAL_NULL_CONVERSION = YES;
				CLANG_WARN_OBJC_IMPLICIT_RETAIN_SELF = YES;
				CLANG_WARN_OBJC_LITERAL_CONVERSION = YES;
				CLANG_WARN_OBJC_ROOT_CLASS = YES_ERROR;
				CLANG_WARN_RANGE_LOOP_ANALYSIS = YES;
				CLANG_WARN_STRICT_PROTOTYPES = YES;
				CLANG_WARN_SUSPICIOUS_MOVE = YES;
				CLANG_WARN_UNGUARDED_AVAILABILITY = YES_AGGRESSIVE;
				CLANG_WARN_UNREACHABLE_CODE = YES;
				CLANG_WARN__DUPLICATE_METHOD_MATCH = YES;
				COPY_PHASE_STRIP = NO;
				DEBUG_INFORMATION_FORMAT = "dwarf-with-dsym";
				ENABLE_NS_ASSERTIONS = NO;
				ENABLE_STRICT_OBJC_MSGSEND = YES;
				GCC_C_LANGUAGE_STANDARD = gnu11;
				GCC_NO_COMMON_BLOCKS = YES;
				GCC_WARN_64_TO_32_BIT_CONVERSION = YES;
				GCC_WARN_ABOUT_RETURN_TYPE = YES_ERROR;
				GCC_WARN_UNDECLARED_SELECTOR = YES;
				GCC_WARN_UNINITIALIZED_AUTOS = YES_AGGRESSIVE;
				GCC_WARN_UNUSED_FUNCTION = YES;
				GCC_WARN_UNUSED_VARIABLE = YES;
				IPHONEOS_DEPLOYMENT_TARGET = 13.7;
				MTL_ENABLE_DEBUG_INFO = NO;
				MTL_FAST_MATH = YES;
				SDKROOT = iphoneos;
				SWIFT_COMPILATION_MODE = wholemodule;
				SWIFT_OPTIMIZATION_LEVEL = "-O";
				VALIDATE_PRODUCT = YES;
			};
			name = Release;
		};
		8809DAEF250B486900E4365A /* Debug */ = {
			isa = XCBuildConfiguration;
			buildSettings = {
				ASSETCATALOG_COMPILER_APPICON_NAME = AppIcon;
				CODE_SIGN_STYLE = Automatic;
				DEVELOPMENT_TEAM = 2HQ4RLS97Y;
				INFOPLIST_FILE = "Tink-tink app/Info.plist";
				IPHONEOS_DEPLOYMENT_TARGET = 12.0;
				LD_RUNPATH_SEARCH_PATHS = (
					"$(inherited)",
					"@executable_path/Frameworks",
				);
				PRODUCT_BUNDLE_IDENTIFIER = "com.lagarnas.Tink-tink-app";
				PRODUCT_NAME = "$(TARGET_NAME)";
				SWIFT_VERSION = 5.0;
				TARGETED_DEVICE_FAMILY = 1;
			};
			name = Debug;
		};
		8809DAF0250B486900E4365A /* Release */ = {
			isa = XCBuildConfiguration;
			buildSettings = {
				ASSETCATALOG_COMPILER_APPICON_NAME = AppIcon;
				CODE_SIGN_STYLE = Automatic;
				DEVELOPMENT_TEAM = 2HQ4RLS97Y;
				INFOPLIST_FILE = "Tink-tink app/Info.plist";
				IPHONEOS_DEPLOYMENT_TARGET = 12.0;
				LD_RUNPATH_SEARCH_PATHS = (
					"$(inherited)",
					"@executable_path/Frameworks",
				);
				PRODUCT_BUNDLE_IDENTIFIER = "com.lagarnas.Tink-tink-app";
				PRODUCT_NAME = "$(TARGET_NAME)";
				SWIFT_VERSION = 5.0;
				TARGETED_DEVICE_FAMILY = 1;
			};
			name = Release;
		};
/* End XCBuildConfiguration section */

/* Begin XCConfigurationList section */
		8809DAD5250B486500E4365A /* Build configuration list for PBXProject "Tink-tink app" */ = {
			isa = XCConfigurationList;
			buildConfigurations = (
				8809DAEC250B486900E4365A /* Debug */,
				8809DAED250B486900E4365A /* Release */,
			);
			defaultConfigurationIsVisible = 0;
			defaultConfigurationName = Release;
		};
		8809DAEE250B486900E4365A /* Build configuration list for PBXNativeTarget "Tink-tink app" */ = {
			isa = XCConfigurationList;
			buildConfigurations = (
				8809DAEF250B486900E4365A /* Debug */,
				8809DAF0250B486900E4365A /* Release */,
			);
			defaultConfigurationIsVisible = 0;
			defaultConfigurationName = Release;
		};
/* End XCConfigurationList section */
	};
	rootObject = 8809DAD2250B486500E4365A /* Project object */;
}
