// !$*UTF8*$!
{
	archiveVersion = 1;
	classes = {
	};
	objectVersion = 51;
	objects = {

/* Begin PBXBuildFile section */
		30904886970EA7F4238CB525 /* Pods_Tink_tink_app.framework in Frameworks */ = {isa = PBXBuildFile; fileRef = 1140951E44D5D255083898D5 /* Pods_Tink_tink_app.framework */; };
		88023679251610CA0079FA1B /* AvatarImageView.swift in Sources */ = {isa = PBXBuildFile; fileRef = 88023678251610CA0079FA1B /* AvatarImageView.swift */; };
		8802367B2516489C0079FA1B /* ProfileVC + UIImagePickerController.swift in Sources */ = {isa = PBXBuildFile; fileRef = 8802367A2516489C0079FA1B /* ProfileVC + UIImagePickerController.swift */; };
		8802367E251648E50079FA1B /* UIAlertController + constraints.swift in Sources */ = {isa = PBXBuildFile; fileRef = 8802367D251648E50079FA1B /* UIAlertController + constraints.swift */; };
		8802368625165BEA0079FA1B /* ProfileViewController.storyboard in Resources */ = {isa = PBXBuildFile; fileRef = 8802368525165BEA0079FA1B /* ProfileViewController.storyboard */; };
		8809DADE250B486500E4365A /* AppDelegate.swift in Sources */ = {isa = PBXBuildFile; fileRef = 8809DADD250B486500E4365A /* AppDelegate.swift */; };
		8809DAE2250B486500E4365A /* ProfileViewController.swift in Sources */ = {isa = PBXBuildFile; fileRef = 8809DAE1250B486500E4365A /* ProfileViewController.swift */; };
		8809DAE7250B486900E4365A /* Assets.xcassets in Resources */ = {isa = PBXBuildFile; fileRef = 8809DAE6250B486900E4365A /* Assets.xcassets */; };
		8809DAEA250B486900E4365A /* LaunchScreen.storyboard in Resources */ = {isa = PBXBuildFile; fileRef = 8809DAE8250B486900E4365A /* LaunchScreen.storyboard */; };
		880F1CC12539FAF00018C52D /* GoogleService-Info.plist in Resources */ = {isa = PBXBuildFile; fileRef = 880F1CC02539FAF00018C52D /* GoogleService-Info.plist */; };
		883DBB212531C7D300FA425C /* ProfileVC + UITextField + UITextView.swift in Sources */ = {isa = PBXBuildFile; fileRef = 883DBB202531C7D300FA425C /* ProfileVC + UITextField + UITextView.swift */; };
		883DBB262531C85B00FA425C /* ProfileVC + lifeCycleVC.swift in Sources */ = {isa = PBXBuildFile; fileRef = 883DBB252531C85B00FA425C /* ProfileVC + lifeCycleVC.swift */; };
		883E54CA252782B300315DAD /* ThemesViewController.swift in Sources */ = {isa = PBXBuildFile; fileRef = 883E54C9252782B300315DAD /* ThemesViewController.swift */; };
		883E54CE252782C800315DAD /* ThemesViewController.storyboard in Resources */ = {isa = PBXBuildFile; fileRef = 883E54CD252782C800315DAD /* ThemesViewController.storyboard */; };
		883E54D92528DC3A00315DAD /* ThemeButton.swift in Sources */ = {isa = PBXBuildFile; fileRef = 883E54D82528DC3A00315DAD /* ThemeButton.swift */; };
		883E54E2252B014A00315DAD /* ThemeManager.swift in Sources */ = {isa = PBXBuildFile; fileRef = 883E54E1252B014A00315DAD /* ThemeManager.swift */; };
		883E54EA252B6E1400315DAD /* Themable.swift in Sources */ = {isa = PBXBuildFile; fileRef = 883E54E9252B6E1400315DAD /* Themable.swift */; };
		883E54ED252B6EDC00315DAD /* ClassicTheme.swift in Sources */ = {isa = PBXBuildFile; fileRef = 883E54EC252B6EDC00315DAD /* ClassicTheme.swift */; };
		883E54F0252B6F0400315DAD /* DayTheme.swift in Sources */ = {isa = PBXBuildFile; fileRef = 883E54EF252B6F0400315DAD /* DayTheme.swift */; };
		883E54F3252B6F1600315DAD /* NightTheme.swift in Sources */ = {isa = PBXBuildFile; fileRef = 883E54F2252B6F1600315DAD /* NightTheme.swift */; };
		883F76B725594BE500959C50 /* CoreDataService.swift in Sources */ = {isa = PBXBuildFile; fileRef = 883F76B625594BE500959C50 /* CoreDataService.swift */; };
		883F76BA25594BFC00959C50 /* FirebaseService.swift in Sources */ = {isa = PBXBuildFile; fileRef = 883F76B925594BFC00959C50 /* FirebaseService.swift */; };
		883F76BD25594C1100959C50 /* ThemeService.swift in Sources */ = {isa = PBXBuildFile; fileRef = 883F76BC25594C1100959C50 /* ThemeService.swift */; };
		883F76C025594C4000959C50 /* OperationSaveService.swift in Sources */ = {isa = PBXBuildFile; fileRef = 883F76BF25594C4000959C50 /* OperationSaveService.swift */; };
		883F76C325594C5200959C50 /* GCDSaveService.swift in Sources */ = {isa = PBXBuildFile; fileRef = 883F76C225594C5200959C50 /* GCDSaveService.swift */; };
		883F76D7255956F400959C50 /* RootAssembly.swift in Sources */ = {isa = PBXBuildFile; fileRef = 883F76D6255956F400959C50 /* RootAssembly.swift */; };
		883F76E325595D7900959C50 /* CoreAssembly.swift in Sources */ = {isa = PBXBuildFile; fileRef = 883F76E225595D7900959C50 /* CoreAssembly.swift */; };
		883F76E825595E2700959C50 /* ServiceAssembly.swift in Sources */ = {isa = PBXBuildFile; fileRef = 883F76E725595E2700959C50 /* ServiceAssembly.swift */; };
		883F76EE255963E200959C50 /* PresentationAssembly.swift in Sources */ = {isa = PBXBuildFile; fileRef = 883F76ED255963E200959C50 /* PresentationAssembly.swift */; };
		883F76F4255A728200959C50 /* ProfileStorage.swift in Sources */ = {isa = PBXBuildFile; fileRef = 883F76F3255A728200959C50 /* ProfileStorage.swift */; };
		8848400C25210CE00083B204 /* ConversationsListViewController.swift in Sources */ = {isa = PBXBuildFile; fileRef = 8848400B25210CE00083B204 /* ConversationsListViewController.swift */; };
		8853590425245D2A00469AD6 /* OutgoingMessageTableViewCell.swift in Sources */ = {isa = PBXBuildFile; fileRef = 8853590225245D2A00469AD6 /* OutgoingMessageTableViewCell.swift */; };
		8853590525245D2A00469AD6 /* OutgoingMessageTableViewCell.xib in Resources */ = {isa = PBXBuildFile; fileRef = 8853590325245D2A00469AD6 /* OutgoingMessageTableViewCell.xib */; };
		8853590A252475D800469AD6 /* AvatarView.swift in Sources */ = {isa = PBXBuildFile; fileRef = 88535909252475D800469AD6 /* AvatarView.swift */; };
		8853591125249F1400469AD6 /* MiniAvatarView.swift in Sources */ = {isa = PBXBuildFile; fileRef = 8853591025249F1400469AD6 /* MiniAvatarView.swift */; };
		88875A8F2542BCA7004513EE /* CoreDataStorage.swift in Sources */ = {isa = PBXBuildFile; fileRef = 88875A8E2542BCA7004513EE /* CoreDataStorage.swift */; };
		88875A942543113B004513EE /* Chat.xcdatamodeld in Sources */ = {isa = PBXBuildFile; fileRef = 88875A922543113B004513EE /* Chat.xcdatamodeld */; };
		88875A9825432380004513EE /* ObjectsExtensions.swift in Sources */ = {isa = PBXBuildFile; fileRef = 88875A9725432380004513EE /* ObjectsExtensions.swift */; };
		88921E26252111E60033BD47 /* UIViewController + Extension.swift in Sources */ = {isa = PBXBuildFile; fileRef = 88921E25252111E60033BD47 /* UIViewController + Extension.swift */; };
		88921E2A25218E3C0033BD47 /* ConversationsListViewController.storyboard in Resources */ = {isa = PBXBuildFile; fileRef = 88921E2925218E3C0033BD47 /* ConversationsListViewController.storyboard */; };
		88921E302521AC750033BD47 /* ConversationTableViewCell.swift in Sources */ = {isa = PBXBuildFile; fileRef = 88921E2E2521AC750033BD47 /* ConversationTableViewCell.swift */; };
		88921E312521AC750033BD47 /* ConversationTableViewCell.xib in Resources */ = {isa = PBXBuildFile; fileRef = 88921E2F2521AC750033BD47 /* ConversationTableViewCell.xib */; };
		88921E362521C0890033BD47 /* ConversationsListModel.swift in Sources */ = {isa = PBXBuildFile; fileRef = 88921E352521C0890033BD47 /* ConversationsListModel.swift */; };
		88921E392521C8320033BD47 /* UIView + Extension.swift in Sources */ = {isa = PBXBuildFile; fileRef = 88921E382521C8320033BD47 /* UIView + Extension.swift */; };
		88921E3C2521C8B00033BD47 /* UITableView + dequeueCell.swift in Sources */ = {isa = PBXBuildFile; fileRef = 88921E3B2521C8B00033BD47 /* UITableView + dequeueCell.swift */; };
		889CC1E1252230BE00A1812F /* ConversationViewController.swift in Sources */ = {isa = PBXBuildFile; fileRef = 889CC1E0252230BE00A1812F /* ConversationViewController.swift */; };
		889CC1E5252230E900A1812F /* ConversationViewController.storyboard in Resources */ = {isa = PBXBuildFile; fileRef = 889CC1E4252230E900A1812F /* ConversationViewController.storyboard */; };
		889CC1F7252317D500A1812F /* Date + Extension.swift in Sources */ = {isa = PBXBuildFile; fileRef = 889CC1F6252317D500A1812F /* Date + Extension.swift */; };
		889CC1FC2523288D00A1812F /* IncomingMessageTableViewCell.swift in Sources */ = {isa = PBXBuildFile; fileRef = 889CC1FA2523288D00A1812F /* IncomingMessageTableViewCell.swift */; };
		889CC1FD2523288D00A1812F /* IncomingMessageTableViewCell.xib in Resources */ = {isa = PBXBuildFile; fileRef = 889CC1FB2523288D00A1812F /* IncomingMessageTableViewCell.xib */; };
		889CC201252328D500A1812F /* Message.swift in Sources */ = {isa = PBXBuildFile; fileRef = 889CC200252328D500A1812F /* Message.swift */; };
		88A152BB25348AF4001E2480 /* ProfileModel.swift in Sources */ = {isa = PBXBuildFile; fileRef = 88A152BA25348AF4001E2480 /* ProfileModel.swift */; };
		88BCF75F251C702600CA81A7 /* Logger.swift in Sources */ = {isa = PBXBuildFile; fileRef = 88BCF75E251C702600CA81A7 /* Logger.swift */; };
/* End PBXBuildFile section */

/* Begin PBXFileReference section */
		1140951E44D5D255083898D5 /* Pods_Tink_tink_app.framework */ = {isa = PBXFileReference; explicitFileType = wrapper.framework; includeInIndex = 0; path = Pods_Tink_tink_app.framework; sourceTree = BUILT_PRODUCTS_DIR; };
		3B4BA66D6AE2E79B96B0CE6B /* Pods-Tink-tink app.release.xcconfig */ = {isa = PBXFileReference; includeInIndex = 1; lastKnownFileType = text.xcconfig; name = "Pods-Tink-tink app.release.xcconfig"; path = "Target Support Files/Pods-Tink-tink app/Pods-Tink-tink app.release.xcconfig"; sourceTree = "<group>"; };
		88023678251610CA0079FA1B /* AvatarImageView.swift */ = {isa = PBXFileReference; lastKnownFileType = sourcecode.swift; path = AvatarImageView.swift; sourceTree = "<group>"; };
		8802367A2516489C0079FA1B /* ProfileVC + UIImagePickerController.swift */ = {isa = PBXFileReference; lastKnownFileType = sourcecode.swift; path = "ProfileVC + UIImagePickerController.swift"; sourceTree = "<group>"; };
		8802367D251648E50079FA1B /* UIAlertController + constraints.swift */ = {isa = PBXFileReference; lastKnownFileType = sourcecode.swift; path = "UIAlertController + constraints.swift"; sourceTree = "<group>"; };
		8802368525165BEA0079FA1B /* ProfileViewController.storyboard */ = {isa = PBXFileReference; lastKnownFileType = file.storyboard; path = ProfileViewController.storyboard; sourceTree = "<group>"; };
		8809DADA250B486500E4365A /* Tink-tink app.app */ = {isa = PBXFileReference; explicitFileType = wrapper.application; includeInIndex = 0; path = "Tink-tink app.app"; sourceTree = BUILT_PRODUCTS_DIR; };
		8809DADD250B486500E4365A /* AppDelegate.swift */ = {isa = PBXFileReference; lastKnownFileType = sourcecode.swift; path = AppDelegate.swift; sourceTree = "<group>"; };
		8809DAE1250B486500E4365A /* ProfileViewController.swift */ = {isa = PBXFileReference; lastKnownFileType = sourcecode.swift; path = ProfileViewController.swift; sourceTree = "<group>"; };
		8809DAE6250B486900E4365A /* Assets.xcassets */ = {isa = PBXFileReference; lastKnownFileType = folder.assetcatalog; path = Assets.xcassets; sourceTree = "<group>"; };
		8809DAE9250B486900E4365A /* Base */ = {isa = PBXFileReference; lastKnownFileType = file.storyboard; name = Base; path = Base.lproj/LaunchScreen.storyboard; sourceTree = "<group>"; };
		8809DAEB250B486900E4365A /* Info.plist */ = {isa = PBXFileReference; lastKnownFileType = text.plist.xml; path = Info.plist; sourceTree = "<group>"; };
		880F1CC02539FAF00018C52D /* GoogleService-Info.plist */ = {isa = PBXFileReference; fileEncoding = 4; lastKnownFileType = text.plist.xml; path = "GoogleService-Info.plist"; sourceTree = "<group>"; };
		883DBB202531C7D300FA425C /* ProfileVC + UITextField + UITextView.swift */ = {isa = PBXFileReference; lastKnownFileType = sourcecode.swift; path = "ProfileVC + UITextField + UITextView.swift"; sourceTree = "<group>"; };
		883DBB252531C85B00FA425C /* ProfileVC + lifeCycleVC.swift */ = {isa = PBXFileReference; lastKnownFileType = sourcecode.swift; path = "ProfileVC + lifeCycleVC.swift"; sourceTree = "<group>"; };
		883E54C9252782B300315DAD /* ThemesViewController.swift */ = {isa = PBXFileReference; lastKnownFileType = sourcecode.swift; path = ThemesViewController.swift; sourceTree = "<group>"; };
		883E54CD252782C800315DAD /* ThemesViewController.storyboard */ = {isa = PBXFileReference; lastKnownFileType = file.storyboard; path = ThemesViewController.storyboard; sourceTree = "<group>"; };
		883E54D82528DC3A00315DAD /* ThemeButton.swift */ = {isa = PBXFileReference; lastKnownFileType = sourcecode.swift; path = ThemeButton.swift; sourceTree = "<group>"; };
		883E54E1252B014A00315DAD /* ThemeManager.swift */ = {isa = PBXFileReference; lastKnownFileType = sourcecode.swift; path = ThemeManager.swift; sourceTree = "<group>"; };
		883E54E9252B6E1400315DAD /* Themable.swift */ = {isa = PBXFileReference; lastKnownFileType = sourcecode.swift; path = Themable.swift; sourceTree = "<group>"; };
		883E54EC252B6EDC00315DAD /* ClassicTheme.swift */ = {isa = PBXFileReference; lastKnownFileType = sourcecode.swift; path = ClassicTheme.swift; sourceTree = "<group>"; };
		883E54EF252B6F0400315DAD /* DayTheme.swift */ = {isa = PBXFileReference; lastKnownFileType = sourcecode.swift; path = DayTheme.swift; sourceTree = "<group>"; };
		883E54F2252B6F1600315DAD /* NightTheme.swift */ = {isa = PBXFileReference; lastKnownFileType = sourcecode.swift; path = NightTheme.swift; sourceTree = "<group>"; };
		883F76B625594BE500959C50 /* CoreDataService.swift */ = {isa = PBXFileReference; lastKnownFileType = sourcecode.swift; path = CoreDataService.swift; sourceTree = "<group>"; };
		883F76B925594BFC00959C50 /* FirebaseService.swift */ = {isa = PBXFileReference; lastKnownFileType = sourcecode.swift; path = FirebaseService.swift; sourceTree = "<group>"; };
		883F76BC25594C1100959C50 /* ThemeService.swift */ = {isa = PBXFileReference; lastKnownFileType = sourcecode.swift; path = ThemeService.swift; sourceTree = "<group>"; };
		883F76BF25594C4000959C50 /* OperationSaveService.swift */ = {isa = PBXFileReference; lastKnownFileType = sourcecode.swift; path = OperationSaveService.swift; sourceTree = "<group>"; };
		883F76C225594C5200959C50 /* GCDSaveService.swift */ = {isa = PBXFileReference; lastKnownFileType = sourcecode.swift; path = GCDSaveService.swift; sourceTree = "<group>"; };
		883F76D6255956F400959C50 /* RootAssembly.swift */ = {isa = PBXFileReference; lastKnownFileType = sourcecode.swift; path = RootAssembly.swift; sourceTree = "<group>"; };
		883F76E225595D7900959C50 /* CoreAssembly.swift */ = {isa = PBXFileReference; lastKnownFileType = sourcecode.swift; path = CoreAssembly.swift; sourceTree = "<group>"; };
		883F76E725595E2700959C50 /* ServiceAssembly.swift */ = {isa = PBXFileReference; lastKnownFileType = sourcecode.swift; path = ServiceAssembly.swift; sourceTree = "<group>"; };
		883F76ED255963E200959C50 /* PresentationAssembly.swift */ = {isa = PBXFileReference; lastKnownFileType = sourcecode.swift; path = PresentationAssembly.swift; sourceTree = "<group>"; };
		883F76F3255A728200959C50 /* ProfileStorage.swift */ = {isa = PBXFileReference; lastKnownFileType = sourcecode.swift; path = ProfileStorage.swift; sourceTree = "<group>"; };
		8848400B25210CE00083B204 /* ConversationsListViewController.swift */ = {isa = PBXFileReference; lastKnownFileType = sourcecode.swift; path = ConversationsListViewController.swift; sourceTree = "<group>"; };
		8853590225245D2A00469AD6 /* OutgoingMessageTableViewCell.swift */ = {isa = PBXFileReference; lastKnownFileType = sourcecode.swift; path = OutgoingMessageTableViewCell.swift; sourceTree = "<group>"; };
		8853590325245D2A00469AD6 /* OutgoingMessageTableViewCell.xib */ = {isa = PBXFileReference; lastKnownFileType = file.xib; path = OutgoingMessageTableViewCell.xib; sourceTree = "<group>"; };
		88535909252475D800469AD6 /* AvatarView.swift */ = {isa = PBXFileReference; lastKnownFileType = sourcecode.swift; path = AvatarView.swift; sourceTree = "<group>"; };
		8853591025249F1400469AD6 /* MiniAvatarView.swift */ = {isa = PBXFileReference; lastKnownFileType = sourcecode.swift; path = MiniAvatarView.swift; sourceTree = "<group>"; };
		88875A8E2542BCA7004513EE /* CoreDataStorage.swift */ = {isa = PBXFileReference; lastKnownFileType = sourcecode.swift; path = CoreDataStorage.swift; sourceTree = "<group>"; };
		88875A932543113B004513EE /* Chat.xcdatamodel */ = {isa = PBXFileReference; lastKnownFileType = wrapper.xcdatamodel; path = Chat.xcdatamodel; sourceTree = "<group>"; };
		88875A9725432380004513EE /* ObjectsExtensions.swift */ = {isa = PBXFileReference; lastKnownFileType = sourcecode.swift; path = ObjectsExtensions.swift; sourceTree = "<group>"; };
		88921E25252111E60033BD47 /* UIViewController + Extension.swift */ = {isa = PBXFileReference; lastKnownFileType = sourcecode.swift; path = "UIViewController + Extension.swift"; sourceTree = "<group>"; };
		88921E2925218E3C0033BD47 /* ConversationsListViewController.storyboard */ = {isa = PBXFileReference; lastKnownFileType = file.storyboard; path = ConversationsListViewController.storyboard; sourceTree = "<group>"; };
		88921E2E2521AC750033BD47 /* ConversationTableViewCell.swift */ = {isa = PBXFileReference; lastKnownFileType = sourcecode.swift; path = ConversationTableViewCell.swift; sourceTree = "<group>"; };
		88921E2F2521AC750033BD47 /* ConversationTableViewCell.xib */ = {isa = PBXFileReference; lastKnownFileType = file.xib; path = ConversationTableViewCell.xib; sourceTree = "<group>"; };
		88921E352521C0890033BD47 /* ConversationsListModel.swift */ = {isa = PBXFileReference; lastKnownFileType = sourcecode.swift; path = ConversationsListModel.swift; sourceTree = "<group>"; };
		88921E382521C8320033BD47 /* UIView + Extension.swift */ = {isa = PBXFileReference; lastKnownFileType = sourcecode.swift; path = "UIView + Extension.swift"; sourceTree = "<group>"; };
		88921E3B2521C8B00033BD47 /* UITableView + dequeueCell.swift */ = {isa = PBXFileReference; lastKnownFileType = sourcecode.swift; path = "UITableView + dequeueCell.swift"; sourceTree = "<group>"; };
		889CC1E0252230BE00A1812F /* ConversationViewController.swift */ = {isa = PBXFileReference; lastKnownFileType = sourcecode.swift; path = ConversationViewController.swift; sourceTree = "<group>"; };
		889CC1E4252230E900A1812F /* ConversationViewController.storyboard */ = {isa = PBXFileReference; lastKnownFileType = file.storyboard; path = ConversationViewController.storyboard; sourceTree = "<group>"; };
		889CC1F6252317D500A1812F /* Date + Extension.swift */ = {isa = PBXFileReference; lastKnownFileType = sourcecode.swift; path = "Date + Extension.swift"; sourceTree = "<group>"; };
		889CC1FA2523288D00A1812F /* IncomingMessageTableViewCell.swift */ = {isa = PBXFileReference; lastKnownFileType = sourcecode.swift; path = IncomingMessageTableViewCell.swift; sourceTree = "<group>"; };
		889CC1FB2523288D00A1812F /* IncomingMessageTableViewCell.xib */ = {isa = PBXFileReference; lastKnownFileType = file.xib; path = IncomingMessageTableViewCell.xib; sourceTree = "<group>"; };
		889CC200252328D500A1812F /* Message.swift */ = {isa = PBXFileReference; lastKnownFileType = sourcecode.swift; path = Message.swift; sourceTree = "<group>"; };
		88A152BA25348AF4001E2480 /* ProfileModel.swift */ = {isa = PBXFileReference; lastKnownFileType = sourcecode.swift; path = ProfileModel.swift; sourceTree = "<group>"; };
		88BCF75E251C702600CA81A7 /* Logger.swift */ = {isa = PBXFileReference; lastKnownFileType = sourcecode.swift; path = Logger.swift; sourceTree = "<group>"; };
		F9B1E9D83EC27EEE0CC2190B /* Pods-Tink-tink app.debug.xcconfig */ = {isa = PBXFileReference; includeInIndex = 1; lastKnownFileType = text.xcconfig; name = "Pods-Tink-tink app.debug.xcconfig"; path = "Target Support Files/Pods-Tink-tink app/Pods-Tink-tink app.debug.xcconfig"; sourceTree = "<group>"; };
/* End PBXFileReference section */

/* Begin PBXFrameworksBuildPhase section */
		8809DAD7250B486500E4365A /* Frameworks */ = {
			isa = PBXFrameworksBuildPhase;
			buildActionMask = 2147483647;
			files = (
				30904886970EA7F4238CB525 /* Pods_Tink_tink_app.framework in Frameworks */,
			);
			runOnlyForDeploymentPostprocessing = 0;
		};
/* End PBXFrameworksBuildPhase section */

/* Begin PBXGroup section */
		8802367C251648A20079FA1B /* Extensions */ = {
			isa = PBXGroup;
			children = (
				88921E25252111E60033BD47 /* UIViewController + Extension.swift */,
				8802367D251648E50079FA1B /* UIAlertController + constraints.swift */,
				88921E382521C8320033BD47 /* UIView + Extension.swift */,
				88921E3B2521C8B00033BD47 /* UITableView + dequeueCell.swift */,
				889CC1F6252317D500A1812F /* Date + Extension.swift */,
			);
			path = Extensions;
			sourceTree = "<group>";
		};
		8802368425165B6A0079FA1B /* Profile */ = {
			isa = PBXGroup;
			children = (
				88A152BA25348AF4001E2480 /* ProfileModel.swift */,
				883DBB4E2532DE7500FA425C /* ProfileVC + Extensions */,
				8853590D252498DD00469AD6 /* AvatarView */,
				8809DAE1250B486500E4365A /* ProfileViewController.swift */,
				8802368525165BEA0079FA1B /* ProfileViewController.storyboard */,
			);
			path = Profile;
			sourceTree = "<group>";
		};
		8809DAD1250B486500E4365A = {
			isa = PBXGroup;
			children = (
				8809DADC250B486500E4365A /* Tink-tink app */,
				8809DADB250B486500E4365A /* Products */,
				F0700BA301DCE3857F5D0ADE /* Pods */,
				BF43BE9B424509BA93C410E8 /* Frameworks */,
			);
			sourceTree = "<group>";
		};
		8809DADB250B486500E4365A /* Products */ = {
			isa = PBXGroup;
			children = (
				8809DADA250B486500E4365A /* Tink-tink app.app */,
			);
			name = Products;
			sourceTree = "<group>";
		};
		8809DADC250B486500E4365A /* Tink-tink app */ = {
			isa = PBXGroup;
			children = (
				88BCF75E251C702600CA81A7 /* Logger.swift */,
				8809DADD250B486500E4365A /* AppDelegate.swift */,
				883F76D6255956F400959C50 /* RootAssembly.swift */,
				883F76AE2559478300959C50 /* 1.PresentationLayer */,
				883F76AF2559490500959C50 /* 2.ServiceLayer */,
				883F76B125594B2200959C50 /* 3.CoreLayer */,
				8802367C251648A20079FA1B /* Extensions */,
				883F76D42559567C00959C50 /* Support files */,
				8809DAEB250B486900E4365A /* Info.plist */,
			);
			path = "Tink-tink app";
			sourceTree = "<group>";
		};
		883DBB4E2532DE7500FA425C /* ProfileVC + Extensions */ = {
			isa = PBXGroup;
			children = (
				8802367A2516489C0079FA1B /* ProfileVC + UIImagePickerController.swift */,
				883DBB202531C7D300FA425C /* ProfileVC + UITextField + UITextView.swift */,
				883DBB252531C85B00FA425C /* ProfileVC + lifeCycleVC.swift */,
			);
			path = "ProfileVC + Extensions";
			sourceTree = "<group>";
		};
		883E54C82527828300315DAD /* Themes */ = {
			isa = PBXGroup;
			children = (
				883E54E8252B6DC700315DAD /* Theme */,
				883E54C9252782B300315DAD /* ThemesViewController.swift */,
				883E54CD252782C800315DAD /* ThemesViewController.storyboard */,
				883E54D82528DC3A00315DAD /* ThemeButton.swift */,
			);
			path = Themes;
			sourceTree = "<group>";
		};
		883E54E8252B6DC700315DAD /* Theme */ = {
			isa = PBXGroup;
			children = (
				883E54E1252B014A00315DAD /* ThemeManager.swift */,
				883E54E9252B6E1400315DAD /* Themable.swift */,
				883E54EC252B6EDC00315DAD /* ClassicTheme.swift */,
				883E54EF252B6F0400315DAD /* DayTheme.swift */,
				883E54F2252B6F1600315DAD /* NightTheme.swift */,
			);
			path = Theme;
			sourceTree = "<group>";
		};
		883F76AE2559478300959C50 /* 1.PresentationLayer */ = {
			isa = PBXGroup;
			children = (
				883F76B425594B7D00959C50 /* Assembly */,
				883F76C525594C6400959C50 /* Modules */,
			);
			path = 1.PresentationLayer;
			sourceTree = "<group>";
		};
		883F76AF2559490500959C50 /* 2.ServiceLayer */ = {
			isa = PBXGroup;
			children = (
				883F76B325594B7400959C50 /* Assembly */,
				883F76B525594B9000959C50 /* Services */,
			);
			path = 2.ServiceLayer;
			sourceTree = "<group>";
		};
		883F76B125594B2200959C50 /* 3.CoreLayer */ = {
			isa = PBXGroup;
			children = (
				883F76B225594B3300959C50 /* Assembly */,
				88875A8C2542BC30004513EE /* CoreDataStorage */,
				883F76DB255958C000959C50 /* ProfileStorage */,
				883F76DC255958D200959C50 /* ThemeStorage */,
				883F76DD255958E300959C50 /* FirebaseStorage */,
			);
			path = 3.CoreLayer;
			sourceTree = "<group>";
		};
		883F76B225594B3300959C50 /* Assembly */ = {
			isa = PBXGroup;
			children = (
				883F76E225595D7900959C50 /* CoreAssembly.swift */,
			);
			path = Assembly;
			sourceTree = "<group>";
		};
		883F76B325594B7400959C50 /* Assembly */ = {
			isa = PBXGroup;
			children = (
				883F76E725595E2700959C50 /* ServiceAssembly.swift */,
			);
			path = Assembly;
			sourceTree = "<group>";
		};
		883F76B425594B7D00959C50 /* Assembly */ = {
			isa = PBXGroup;
			children = (
				883F76ED255963E200959C50 /* PresentationAssembly.swift */,
			);
			path = Assembly;
			sourceTree = "<group>";
		};
		883F76B525594B9000959C50 /* Services */ = {
			isa = PBXGroup;
			children = (
				883F76B625594BE500959C50 /* CoreDataService.swift */,
				883F76B925594BFC00959C50 /* FirebaseService.swift */,
				883F76BC25594C1100959C50 /* ThemeService.swift */,
				883F76BF25594C4000959C50 /* OperationSaveService.swift */,
				883F76C225594C5200959C50 /* GCDSaveService.swift */,
			);
			path = Services;
			sourceTree = "<group>";
		};
		883F76C525594C6400959C50 /* Modules */ = {
			isa = PBXGroup;
			children = (
				8802368425165B6A0079FA1B /* Profile */,
				8848400A25210C8E0083B204 /* ConversationsList */,
				889CC1DF252230A500A1812F /* Conversation */,
				883E54C82527828300315DAD /* Themes */,
			);
			path = Modules;
			sourceTree = "<group>";
		};
		883F76D42559567C00959C50 /* Support files */ = {
			isa = PBXGroup;
			children = (
				8809DAE6250B486900E4365A /* Assets.xcassets */,
				8809DAE8250B486900E4365A /* LaunchScreen.storyboard */,
				880F1CC02539FAF00018C52D /* GoogleService-Info.plist */,
			);
			path = "Support files";
			sourceTree = "<group>";
		};
		883F76DB255958C000959C50 /* ProfileStorage */ = {
			isa = PBXGroup;
			children = (
				883F76F3255A728200959C50 /* ProfileStorage.swift */,
			);
			path = ProfileStorage;
			sourceTree = "<group>";
		};
		883F76DC255958D200959C50 /* ThemeStorage */ = {
			isa = PBXGroup;
			children = (
			);
			path = ThemeStorage;
			sourceTree = "<group>";
		};
		883F76DD255958E300959C50 /* FirebaseStorage */ = {
			isa = PBXGroup;
			children = (
			);
			path = FirebaseStorage;
			sourceTree = "<group>";
		};
		8848400A25210C8E0083B204 /* ConversationsList */ = {
			isa = PBXGroup;
			children = (
				88921E352521C0890033BD47 /* ConversationsListModel.swift */,
				88921E2D2521AC400033BD47 /* Cell */,
				8848400B25210CE00083B204 /* ConversationsListViewController.swift */,
				88921E2925218E3C0033BD47 /* ConversationsListViewController.storyboard */,
			);
			path = ConversationsList;
			sourceTree = "<group>";
		};
		885358FD25245C6800469AD6 /* IncomingMessageTableViewCell */ = {
			isa = PBXGroup;
			children = (
				889CC1FA2523288D00A1812F /* IncomingMessageTableViewCell.swift */,
				889CC1FB2523288D00A1812F /* IncomingMessageTableViewCell.xib */,
			);
			path = IncomingMessageTableViewCell;
			sourceTree = "<group>";
		};
		885358FE25245C9600469AD6 /* OutgoingMessageTableViewCell */ = {
			isa = PBXGroup;
			children = (
				8853590225245D2A00469AD6 /* OutgoingMessageTableViewCell.swift */,
				8853590325245D2A00469AD6 /* OutgoingMessageTableViewCell.xib */,
			);
			path = OutgoingMessageTableViewCell;
			sourceTree = "<group>";
		};
		8853590D252498DD00469AD6 /* AvatarView */ = {
			isa = PBXGroup;
			children = (
				88535909252475D800469AD6 /* AvatarView.swift */,
				88023678251610CA0079FA1B /* AvatarImageView.swift */,
			);
			path = AvatarView;
			sourceTree = "<group>";
		};
		88875A8C2542BC30004513EE /* CoreDataStorage */ = {
			isa = PBXGroup;
			children = (
				88875A8E2542BCA7004513EE /* CoreDataStorage.swift */,
				88875A9725432380004513EE /* ObjectsExtensions.swift */,
				88875A922543113B004513EE /* Chat.xcdatamodeld */,
			);
			path = CoreDataStorage;
			sourceTree = "<group>";
		};
		88921E2D2521AC400033BD47 /* Cell */ = {
			isa = PBXGroup;
			children = (
				88921E2E2521AC750033BD47 /* ConversationTableViewCell.swift */,
				88921E2F2521AC750033BD47 /* ConversationTableViewCell.xib */,
				8853591025249F1400469AD6 /* MiniAvatarView.swift */,
			);
			path = Cell;
			sourceTree = "<group>";
		};
		889CC1DF252230A500A1812F /* Conversation */ = {
			isa = PBXGroup;
			children = (
				889CC200252328D500A1812F /* Message.swift */,
				889CC1F92523285800A1812F /* Cells */,
				889CC1E0252230BE00A1812F /* ConversationViewController.swift */,
				889CC1E4252230E900A1812F /* ConversationViewController.storyboard */,
			);
			path = Conversation;
			sourceTree = "<group>";
		};
		889CC1F92523285800A1812F /* Cells */ = {
			isa = PBXGroup;
			children = (
				885358FE25245C9600469AD6 /* OutgoingMessageTableViewCell */,
				885358FD25245C6800469AD6 /* IncomingMessageTableViewCell */,
			);
			path = Cells;
			sourceTree = "<group>";
		};
		BF43BE9B424509BA93C410E8 /* Frameworks */ = {
			isa = PBXGroup;
			children = (
				1140951E44D5D255083898D5 /* Pods_Tink_tink_app.framework */,
			);
			name = Frameworks;
			sourceTree = "<group>";
		};
		F0700BA301DCE3857F5D0ADE /* Pods */ = {
			isa = PBXGroup;
			children = (
				F9B1E9D83EC27EEE0CC2190B /* Pods-Tink-tink app.debug.xcconfig */,
				3B4BA66D6AE2E79B96B0CE6B /* Pods-Tink-tink app.release.xcconfig */,
			);
			path = Pods;
			sourceTree = "<group>";
		};
/* End PBXGroup section */

/* Begin PBXNativeTarget section */
		8809DAD9250B486500E4365A /* Tink-tink app */ = {
			isa = PBXNativeTarget;
			buildConfigurationList = 8809DAEE250B486900E4365A /* Build configuration list for PBXNativeTarget "Tink-tink app" */;
			buildPhases = (
				C5D29E78A82D6DCFAA9ABE0F /* [CP] Check Pods Manifest.lock */,
				8809DAD6250B486500E4365A /* Sources */,
				8809DAD7250B486500E4365A /* Frameworks */,
				8809DAD8250B486500E4365A /* Resources */,
				FAAD7CD09BA5B4D0BC59D54A /* [CP] Embed Pods Frameworks */,
				880F1CAD2539F6D80018C52D /* Swiftlint */,
			);
			buildRules = (
			);
			dependencies = (
			);
			name = "Tink-tink app";
			productName = "Tink-tink app";
			productReference = 8809DADA250B486500E4365A /* Tink-tink app.app */;
			productType = "com.apple.product-type.application";
		};
/* End PBXNativeTarget section */

/* Begin PBXProject section */
		8809DAD2250B486500E4365A /* Project object */ = {
			isa = PBXProject;
			attributes = {
				LastSwiftUpdateCheck = 1170;
				LastUpgradeCheck = 1200;
				ORGANIZATIONNAME = lagarnas;
				TargetAttributes = {
					8809DAD9250B486500E4365A = {
						CreatedOnToolsVersion = 11.7;
					};
				};
			};
			buildConfigurationList = 8809DAD5250B486500E4365A /* Build configuration list for PBXProject "Tink-tink app" */;
			compatibilityVersion = "Xcode 9.3";
			developmentRegion = en;
			hasScannedForEncodings = 0;
			knownRegions = (
				en,
				Base,
			);
			mainGroup = 8809DAD1250B486500E4365A;
			productRefGroup = 8809DADB250B486500E4365A /* Products */;
			projectDirPath = "";
			projectRoot = "";
			targets = (
				8809DAD9250B486500E4365A /* Tink-tink app */,
			);
		};
/* End PBXProject section */

/* Begin PBXResourcesBuildPhase section */
		8809DAD8250B486500E4365A /* Resources */ = {
			isa = PBXResourcesBuildPhase;
			buildActionMask = 2147483647;
			files = (
				889CC1E5252230E900A1812F /* ConversationViewController.storyboard in Resources */,
				88921E312521AC750033BD47 /* ConversationTableViewCell.xib in Resources */,
				8853590525245D2A00469AD6 /* OutgoingMessageTableViewCell.xib in Resources */,
				8809DAEA250B486900E4365A /* LaunchScreen.storyboard in Resources */,
				883E54CE252782C800315DAD /* ThemesViewController.storyboard in Resources */,
				8809DAE7250B486900E4365A /* Assets.xcassets in Resources */,
				88921E2A25218E3C0033BD47 /* ConversationsListViewController.storyboard in Resources */,
				880F1CC12539FAF00018C52D /* GoogleService-Info.plist in Resources */,
				889CC1FD2523288D00A1812F /* IncomingMessageTableViewCell.xib in Resources */,
				8802368625165BEA0079FA1B /* ProfileViewController.storyboard in Resources */,
			);
			runOnlyForDeploymentPostprocessing = 0;
		};
/* End PBXResourcesBuildPhase section */

/* Begin PBXShellScriptBuildPhase section */
		880F1CAD2539F6D80018C52D /* Swiftlint */ = {
			isa = PBXShellScriptBuildPhase;
			buildActionMask = 2147483647;
			files = (
			);
			inputFileListPaths = (
			);
			inputPaths = (
			);
			name = Swiftlint;
			outputFileListPaths = (
			);
			outputPaths = (
			);
			runOnlyForDeploymentPostprocessing = 0;
			shellPath = /bin/sh;
			shellScript = "if which swiftlint >/dev/null; then\n  swiftlint\nelse\n  echo \"warning: SwiftLint not installed, download from https://github.com/realm/SwiftLint\"\nfi\n";
		};
		C5D29E78A82D6DCFAA9ABE0F /* [CP] Check Pods Manifest.lock */ = {
			isa = PBXShellScriptBuildPhase;
			buildActionMask = 2147483647;
			files = (
			);
			inputFileListPaths = (
			);
			inputPaths = (
				"${PODS_PODFILE_DIR_PATH}/Podfile.lock",
				"${PODS_ROOT}/Manifest.lock",
			);
			name = "[CP] Check Pods Manifest.lock";
			outputFileListPaths = (
			);
			outputPaths = (
				"$(DERIVED_FILE_DIR)/Pods-Tink-tink app-checkManifestLockResult.txt",
			);
			runOnlyForDeploymentPostprocessing = 0;
			shellPath = /bin/sh;
			shellScript = "diff \"${PODS_PODFILE_DIR_PATH}/Podfile.lock\" \"${PODS_ROOT}/Manifest.lock\" > /dev/null\nif [ $? != 0 ] ; then\n    # print error to STDERR\n    echo \"error: The sandbox is not in sync with the Podfile.lock. Run 'pod install' or update your CocoaPods installation.\" >&2\n    exit 1\nfi\n# This output is used by Xcode 'outputs' to avoid re-running this script phase.\necho \"SUCCESS\" > \"${SCRIPT_OUTPUT_FILE_0}\"\n";
			showEnvVarsInLog = 0;
		};
		FAAD7CD09BA5B4D0BC59D54A /* [CP] Embed Pods Frameworks */ = {
			isa = PBXShellScriptBuildPhase;
			buildActionMask = 2147483647;
			files = (
			);
			inputFileListPaths = (
				"${PODS_ROOT}/Target Support Files/Pods-Tink-tink app/Pods-Tink-tink app-frameworks-${CONFIGURATION}-input-files.xcfilelist",
			);
			name = "[CP] Embed Pods Frameworks";
			outputFileListPaths = (
				"${PODS_ROOT}/Target Support Files/Pods-Tink-tink app/Pods-Tink-tink app-frameworks-${CONFIGURATION}-output-files.xcfilelist",
			);
			runOnlyForDeploymentPostprocessing = 0;
			shellPath = /bin/sh;
			shellScript = "\"${PODS_ROOT}/Target Support Files/Pods-Tink-tink app/Pods-Tink-tink app-frameworks.sh\"\n";
			showEnvVarsInLog = 0;
		};
/* End PBXShellScriptBuildPhase section */

/* Begin PBXSourcesBuildPhase section */
		8809DAD6250B486500E4365A /* Sources */ = {
			isa = PBXSourcesBuildPhase;
			buildActionMask = 2147483647;
			files = (
				883F76C025594C4000959C50 /* OperationSaveService.swift in Sources */,
				889CC1E1252230BE00A1812F /* ConversationViewController.swift in Sources */,
				88875A942543113B004513EE /* Chat.xcdatamodeld in Sources */,
				883F76F4255A728200959C50 /* ProfileStorage.swift in Sources */,
				8802367B2516489C0079FA1B /* ProfileVC + UIImagePickerController.swift in Sources */,
				883F76B725594BE500959C50 /* CoreDataService.swift in Sources */,
				88023679251610CA0079FA1B /* AvatarImageView.swift in Sources */,
				883E54F3252B6F1600315DAD /* NightTheme.swift in Sources */,
				883E54F0252B6F0400315DAD /* DayTheme.swift in Sources */,
				889CC1FC2523288D00A1812F /* IncomingMessageTableViewCell.swift in Sources */,
				88921E362521C0890033BD47 /* ConversationsListModel.swift in Sources */,
				883E54ED252B6EDC00315DAD /* ClassicTheme.swift in Sources */,
				88921E26252111E60033BD47 /* UIViewController + Extension.swift in Sources */,
				88921E392521C8320033BD47 /* UIView + Extension.swift in Sources */,
				883F76BA25594BFC00959C50 /* FirebaseService.swift in Sources */,
				8853591125249F1400469AD6 /* MiniAvatarView.swift in Sources */,
				883E54E2252B014A00315DAD /* ThemeManager.swift in Sources */,
				88875A8F2542BCA7004513EE /* CoreDataStorage.swift in Sources */,
				883F76BD25594C1100959C50 /* ThemeService.swift in Sources */,
				889CC1F7252317D500A1812F /* Date + Extension.swift in Sources */,
				889CC201252328D500A1812F /* Message.swift in Sources */,
				88875A9825432380004513EE /* ObjectsExtensions.swift in Sources */,
				883F76E325595D7900959C50 /* CoreAssembly.swift in Sources */,
				88BCF75F251C702600CA81A7 /* Logger.swift in Sources */,
				88A152BB25348AF4001E2480 /* ProfileModel.swift in Sources */,
				8809DAE2250B486500E4365A /* ProfileViewController.swift in Sources */,
				883F76E825595E2700959C50 /* ServiceAssembly.swift in Sources */,
				8809DADE250B486500E4365A /* AppDelegate.swift in Sources */,
				883E54CA252782B300315DAD /* ThemesViewController.swift in Sources */,
				8853590A252475D800469AD6 /* AvatarView.swift in Sources */,
				883F76EE255963E200959C50 /* PresentationAssembly.swift in Sources */,
				883F76D7255956F400959C50 /* RootAssembly.swift in Sources */,
				883E54EA252B6E1400315DAD /* Themable.swift in Sources */,
				883DBB212531C7D300FA425C /* ProfileVC + UITextField + UITextView.swift in Sources */,
				883E54D92528DC3A00315DAD /* ThemeButton.swift in Sources */,
				8853590425245D2A00469AD6 /* OutgoingMessageTableViewCell.swift in Sources */,
				88921E3C2521C8B00033BD47 /* UITableView + dequeueCell.swift in Sources */,
				8848400C25210CE00083B204 /* ConversationsListViewController.swift in Sources */,
				883DBB262531C85B00FA425C /* ProfileVC + lifeCycleVC.swift in Sources */,
				883F76C325594C5200959C50 /* GCDSaveService.swift in Sources */,
				8802367E251648E50079FA1B /* UIAlertController + constraints.swift in Sources */,
				88921E302521AC750033BD47 /* ConversationTableViewCell.swift in Sources */,
			);
			runOnlyForDeploymentPostprocessing = 0;
		};
/* End PBXSourcesBuildPhase section */

/* Begin PBXVariantGroup section */
		8809DAE8250B486900E4365A /* LaunchScreen.storyboard */ = {
			isa = PBXVariantGroup;
			children = (
				8809DAE9250B486900E4365A /* Base */,
			);
			name = LaunchScreen.storyboard;
			sourceTree = "<group>";
		};
/* End PBXVariantGroup section */

/* Begin XCBuildConfiguration section */
		8809DAEC250B486900E4365A /* Debug */ = {
			isa = XCBuildConfiguration;
			buildSettings = {
				ALWAYS_SEARCH_USER_PATHS = NO;
				CLANG_ANALYZER_NONNULL = YES;
				CLANG_ANALYZER_NUMBER_OBJECT_CONVERSION = YES_AGGRESSIVE;
				CLANG_CXX_LANGUAGE_STANDARD = "gnu++14";
				CLANG_CXX_LIBRARY = "libc++";
				CLANG_ENABLE_MODULES = YES;
				CLANG_ENABLE_OBJC_ARC = YES;
				CLANG_ENABLE_OBJC_WEAK = YES;
				CLANG_WARN_BLOCK_CAPTURE_AUTORELEASING = YES;
				CLANG_WARN_BOOL_CONVERSION = YES;
				CLANG_WARN_COMMA = YES;
				CLANG_WARN_CONSTANT_CONVERSION = YES;
				CLANG_WARN_DEPRECATED_OBJC_IMPLEMENTATIONS = YES;
				CLANG_WARN_DIRECT_OBJC_ISA_USAGE = YES_ERROR;
				CLANG_WARN_DOCUMENTATION_COMMENTS = YES;
				CLANG_WARN_EMPTY_BODY = YES;
				CLANG_WARN_ENUM_CONVERSION = YES;
				CLANG_WARN_INFINITE_RECURSION = YES;
				CLANG_WARN_INT_CONVERSION = YES;
				CLANG_WARN_NON_LITERAL_NULL_CONVERSION = YES;
				CLANG_WARN_OBJC_IMPLICIT_RETAIN_SELF = YES;
				CLANG_WARN_OBJC_LITERAL_CONVERSION = YES;
				CLANG_WARN_OBJC_ROOT_CLASS = YES_ERROR;
				CLANG_WARN_QUOTED_INCLUDE_IN_FRAMEWORK_HEADER = YES;
				CLANG_WARN_RANGE_LOOP_ANALYSIS = YES;
				CLANG_WARN_STRICT_PROTOTYPES = YES;
				CLANG_WARN_SUSPICIOUS_MOVE = YES;
				CLANG_WARN_UNGUARDED_AVAILABILITY = YES_AGGRESSIVE;
				CLANG_WARN_UNREACHABLE_CODE = YES;
				CLANG_WARN__DUPLICATE_METHOD_MATCH = YES;
				COPY_PHASE_STRIP = NO;
				DEBUG_INFORMATION_FORMAT = dwarf;
				ENABLE_STRICT_OBJC_MSGSEND = YES;
				ENABLE_TESTABILITY = YES;
				GCC_C_LANGUAGE_STANDARD = gnu11;
				GCC_DYNAMIC_NO_PIC = NO;
				GCC_NO_COMMON_BLOCKS = YES;
				GCC_OPTIMIZATION_LEVEL = 0;
				GCC_PREPROCESSOR_DEFINITIONS = (
					"DEBUG=1",
					"$(inherited)",
				);
				GCC_WARN_64_TO_32_BIT_CONVERSION = YES;
				GCC_WARN_ABOUT_RETURN_TYPE = YES_ERROR;
				GCC_WARN_UNDECLARED_SELECTOR = YES;
				GCC_WARN_UNINITIALIZED_AUTOS = YES_AGGRESSIVE;
				GCC_WARN_UNUSED_FUNCTION = YES;
				GCC_WARN_UNUSED_VARIABLE = YES;
				IPHONEOS_DEPLOYMENT_TARGET = 13.7;
				MTL_ENABLE_DEBUG_INFO = INCLUDE_SOURCE;
				MTL_FAST_MATH = YES;
				ONLY_ACTIVE_ARCH = YES;
				SDKROOT = iphoneos;
				SWIFT_ACTIVE_COMPILATION_CONDITIONS = DEBUG;
				SWIFT_OPTIMIZATION_LEVEL = "-Onone";
			};
			name = Debug;
		};
		8809DAED250B486900E4365A /* Release */ = {
			isa = XCBuildConfiguration;
			buildSettings = {
				ALWAYS_SEARCH_USER_PATHS = NO;
				CLANG_ANALYZER_NONNULL = YES;
				CLANG_ANALYZER_NUMBER_OBJECT_CONVERSION = YES_AGGRESSIVE;
				CLANG_CXX_LANGUAGE_STANDARD = "gnu++14";
				CLANG_CXX_LIBRARY = "libc++";
				CLANG_ENABLE_MODULES = YES;
				CLANG_ENABLE_OBJC_ARC = YES;
				CLANG_ENABLE_OBJC_WEAK = YES;
				CLANG_WARN_BLOCK_CAPTURE_AUTORELEASING = YES;
				CLANG_WARN_BOOL_CONVERSION = YES;
				CLANG_WARN_COMMA = YES;
				CLANG_WARN_CONSTANT_CONVERSION = YES;
				CLANG_WARN_DEPRECATED_OBJC_IMPLEMENTATIONS = YES;
				CLANG_WARN_DIRECT_OBJC_ISA_USAGE = YES_ERROR;
				CLANG_WARN_DOCUMENTATION_COMMENTS = YES;
				CLANG_WARN_EMPTY_BODY = YES;
				CLANG_WARN_ENUM_CONVERSION = YES;
				CLANG_WARN_INFINITE_RECURSION = YES;
				CLANG_WARN_INT_CONVERSION = YES;
				CLANG_WARN_NON_LITERAL_NULL_CONVERSION = YES;
				CLANG_WARN_OBJC_IMPLICIT_RETAIN_SELF = YES;
				CLANG_WARN_OBJC_LITERAL_CONVERSION = YES;
				CLANG_WARN_OBJC_ROOT_CLASS = YES_ERROR;
				CLANG_WARN_QUOTED_INCLUDE_IN_FRAMEWORK_HEADER = YES;
				CLANG_WARN_RANGE_LOOP_ANALYSIS = YES;
				CLANG_WARN_STRICT_PROTOTYPES = YES;
				CLANG_WARN_SUSPICIOUS_MOVE = YES;
				CLANG_WARN_UNGUARDED_AVAILABILITY = YES_AGGRESSIVE;
				CLANG_WARN_UNREACHABLE_CODE = YES;
				CLANG_WARN__DUPLICATE_METHOD_MATCH = YES;
				COPY_PHASE_STRIP = NO;
				DEBUG_INFORMATION_FORMAT = "dwarf-with-dsym";
				ENABLE_NS_ASSERTIONS = NO;
				ENABLE_STRICT_OBJC_MSGSEND = YES;
				GCC_C_LANGUAGE_STANDARD = gnu11;
				GCC_NO_COMMON_BLOCKS = YES;
				GCC_WARN_64_TO_32_BIT_CONVERSION = YES;
				GCC_WARN_ABOUT_RETURN_TYPE = YES_ERROR;
				GCC_WARN_UNDECLARED_SELECTOR = YES;
				GCC_WARN_UNINITIALIZED_AUTOS = YES_AGGRESSIVE;
				GCC_WARN_UNUSED_FUNCTION = YES;
				GCC_WARN_UNUSED_VARIABLE = YES;
				IPHONEOS_DEPLOYMENT_TARGET = 13.7;
				MTL_ENABLE_DEBUG_INFO = NO;
				MTL_FAST_MATH = YES;
				SDKROOT = iphoneos;
				SWIFT_COMPILATION_MODE = wholemodule;
				SWIFT_OPTIMIZATION_LEVEL = "-O";
				VALIDATE_PRODUCT = YES;
			};
			name = Release;
		};
		8809DAEF250B486900E4365A /* Debug */ = {
			isa = XCBuildConfiguration;
			baseConfigurationReference = F9B1E9D83EC27EEE0CC2190B /* Pods-Tink-tink app.debug.xcconfig */;
			buildSettings = {
				ASSETCATALOG_COMPILER_APPICON_NAME = AppIcon;
				CODE_SIGN_STYLE = Automatic;
				DEVELOPMENT_TEAM = 2HQ4RLS97Y;
				INFOPLIST_FILE = "Tink-tink app/Info.plist";
				IPHONEOS_DEPLOYMENT_TARGET = 12.0;
				LD_RUNPATH_SEARCH_PATHS = (
					"$(inherited)",
					"@executable_path/Frameworks",
				);
				PRODUCT_BUNDLE_IDENTIFIER = ru.tinkoff.TinkoffChat;
				PRODUCT_NAME = "$(TARGET_NAME)";
				SWIFT_VERSION = 5.0;
				TARGETED_DEVICE_FAMILY = 1;
			};
			name = Debug;
		};
		8809DAF0250B486900E4365A /* Release */ = {
			isa = XCBuildConfiguration;
			baseConfigurationReference = 3B4BA66D6AE2E79B96B0CE6B /* Pods-Tink-tink app.release.xcconfig */;
			buildSettings = {
				ASSETCATALOG_COMPILER_APPICON_NAME = AppIcon;
				CODE_SIGN_STYLE = Automatic;
				DEVELOPMENT_TEAM = 2HQ4RLS97Y;
				INFOPLIST_FILE = "Tink-tink app/Info.plist";
				IPHONEOS_DEPLOYMENT_TARGET = 12.0;
				LD_RUNPATH_SEARCH_PATHS = (
					"$(inherited)",
					"@executable_path/Frameworks",
				);
				PRODUCT_BUNDLE_IDENTIFIER = ru.tinkoff.TinkoffChat;
				PRODUCT_NAME = "$(TARGET_NAME)";
				SWIFT_VERSION = 5.0;
				TARGETED_DEVICE_FAMILY = 1;
			};
			name = Release;
		};
/* End XCBuildConfiguration section */

/* Begin XCConfigurationList section */
		8809DAD5250B486500E4365A /* Build configuration list for PBXProject "Tink-tink app" */ = {
			isa = XCConfigurationList;
			buildConfigurations = (
				8809DAEC250B486900E4365A /* Debug */,
				8809DAED250B486900E4365A /* Release */,
			);
			defaultConfigurationIsVisible = 0;
			defaultConfigurationName = Release;
		};
		8809DAEE250B486900E4365A /* Build configuration list for PBXNativeTarget "Tink-tink app" */ = {
			isa = XCConfigurationList;
			buildConfigurations = (
				8809DAEF250B486900E4365A /* Debug */,
				8809DAF0250B486900E4365A /* Release */,
			);
			defaultConfigurationIsVisible = 0;
			defaultConfigurationName = Release;
		};
/* End XCConfigurationList section */

/* Begin XCVersionGroup section */
		88875A922543113B004513EE /* Chat.xcdatamodeld */ = {
			isa = XCVersionGroup;
			children = (
				88875A932543113B004513EE /* Chat.xcdatamodel */,
			);
			currentVersion = 88875A932543113B004513EE /* Chat.xcdatamodel */;
			path = Chat.xcdatamodeld;
			sourceTree = "<group>";
			versionGroupType = wrapper.xcdatamodel;
		};
/* End XCVersionGroup section */
	};
	rootObject = 8809DAD2250B486500E4365A /* Project object */;
}
